
Microsoft Visual Studio Solution File, Format Version 12.00
# Visual Studio Version 17
VisualStudioVersion = 17.5.33530.505
MinimumVisualStudioVersion = 10.0.40219.1
Project("{FAE04EC0-301F-11D3-BF4B-00C04F79EFBC}") = "Minefield", "Minefield\Minefield.csproj", "{1639C0A8-EBD7-40D5-9588-670D25ECA86C}"
EndProject
Project("{FAE04EC0-301F-11D3-BF4B-00C04F79EFBC}") = "Minefield.Tests", "Minefield.Tests\Minefield.Tests.csproj", "{77F73766-0CA0-470C-900C-036E36BE4086}"
EndProject
Global
	GlobalSection(SolutionConfigurationPlatforms) = preSolution
		Debug|Any CPU = Debug|Any CPU
		Release|Any CPU = Release|Any CPU
	EndGlobalSection
	GlobalSection(ProjectConfigurationPlatforms) = postSolution
		{1639C0A8-EBD7-40D5-9588-670D25ECA86C}.Debug|Any CPU.ActiveCfg = Debug|Any CPU
		{1639C0A8-EBD7-40D5-9588-670D25ECA86C}.Debug|Any CPU.Build.0 = Debug|Any CPU
		{1639C0A8-EBD7-40D5-9588-670D25ECA86C}.Release|Any CPU.ActiveCfg = Release|Any CPU
		{1639C0A8-EBD7-40D5-9588-670D25ECA86C}.Release|Any CPU.Build.0 = Release|Any CPU
		{77F73766-0CA0-470C-900C-036E36BE4086}.Debug|Any CPU.ActiveCfg = Debug|Any CPU
		{77F73766-0CA0-470C-900C-036E36BE4086}.Debug|Any CPU.Build.0 = Debug|Any CPU
		{77F73766-0CA0-470C-900C-036E36BE4086}.Release|Any CPU.ActiveCfg = Release|Any CPU
		{77F73766-0CA0-470C-900C-036E36BE4086}.Release|Any CPU.Build.0 = Release|Any CPU
	EndGlobalSection
	GlobalSection(SolutionProperties) = preSolution
		HideSolutionNode = FALSE
	EndGlobalSection
	GlobalSection(ExtensibilityGlobals) = postSolution
		SolutionGuid = {7440CCD5-1442-4F27-AE67-F406236045DC}
	EndGlobalSection
EndGlobal
